
Microsoft Visual Studio Solution File, Format Version 12.00
# Visual Studio Version 17
VisualStudioVersion = 17.6.33829.357
MinimumVisualStudioVersion = 10.0.40219.1
Project("{FAE04EC0-301F-11D3-BF4B-00C04F79EFBC}") = "airlines", "airlines\airlines.csproj", "{2A354D77-A5B1-4512-9084-310D2F221531}"
EndProject
Global
	GlobalSection(SolutionConfigurationPlatforms) = preSolution
		Debug|Any CPU = Debug|Any CPU
		Release|Any CPU = Release|Any CPU
	EndGlobalSection
	GlobalSection(ProjectConfigurationPlatforms) = postSolution
		{2A354D77-A5B1-4512-9084-310D2F221531}.Debug|Any CPU.ActiveCfg = Debug|Any CPU
		{2A354D77-A5B1-4512-9084-310D2F221531}.Debug|Any CPU.Build.0 = Debug|Any CPU
		{2A354D77-A5B1-4512-9084-310D2F221531}.Release|Any CPU.ActiveCfg = Release|Any CPU
		{2A354D77-A5B1-4512-9084-310D2F221531}.Release|Any CPU.Build.0 = Release|Any CPU
	EndGlobalSection
	GlobalSection(SolutionProperties) = preSolution
		HideSolutionNode = FALSE
	EndGlobalSection
	GlobalSection(ExtensibilityGlobals) = postSolution
		SolutionGuid = {EFB930B0-4E44-433F-A693-58CEAB2F3BAF}
	EndGlobalSection
EndGlobal
